
Microsoft Visual Studio Solution File, Format Version 12.00
# Visual Studio 15
VisualStudioVersion = 15.0.28010.2050
MinimumVisualStudioVersion = 10.0.40219.1
Project("{8BC9CEB8-8B4A-11D0-8D11-00A0C91BC942}") = "Rectangles", "Rectangles\Rectangles.vcxproj", "{B4BFA33D-18CD-4DFD-8CF2-ED928DB55EF1}"
EndProject
Global
	GlobalSection(SolutionConfigurationPlatforms) = preSolution
		Debug|x64 = Debug|x64
		Debug|x86 = Debug|x86
		Release|x64 = Release|x64
		Release|x86 = Release|x86
	EndGlobalSection
	GlobalSection(ProjectConfigurationPlatforms) = postSolution
		{B4BFA33D-18CD-4DFD-8CF2-ED928DB55EF1}.Debug|x64.ActiveCfg = Debug|x64
		{B4BFA33D-18CD-4DFD-8CF2-ED928DB55EF1}.Debug|x64.Build.0 = Debug|x64
		{B4BFA33D-18CD-4DFD-8CF2-ED928DB55EF1}.Debug|x86.ActiveCfg = Debug|Win32
		{B4BFA33D-18CD-4DFD-8CF2-ED928DB55EF1}.Debug|x86.Build.0 = Debug|Win32
		{B4BFA33D-18CD-4DFD-8CF2-ED928DB55EF1}.Release|x64.ActiveCfg = Release|x64
		{B4BFA33D-18CD-4DFD-8CF2-ED928DB55EF1}.Release|x64.Build.0 = Release|x64
		{B4BFA33D-18CD-4DFD-8CF2-ED928DB55EF1}.Release|x86.ActiveCfg = Release|Win32
		{B4BFA33D-18CD-4DFD-8CF2-ED928DB55EF1}.Release|x86.Build.0 = Release|Win32
	EndGlobalSection
	GlobalSection(SolutionProperties) = preSolution
		HideSolutionNode = FALSE
	EndGlobalSection
	GlobalSection(ExtensibilityGlobals) = postSolution
		SolutionGuid = {9FCAE606-8AB6-428D-B41E-8201EC5A0E23}
	EndGlobalSection
EndGlobal
